<?xml version="1.0" encoding="UTF-8" standalone="yes" ?>
<CodeBlocks_project_file>
	<FileVersion major="1" minor="6" />
	<Project>
		<Option title="automat" />
		<Option pch_mode="2" />
		<Option compiler="gcc" />
		<Build>
			<Target title="Debug">
				<Option output="bin/Debug/automat" prefix_auto="1" extension_auto="1" />
				<Option object_output="obj/Debug/" />
				<Option type="1" />
				<Option compiler="gcc" />
				<Compiler>
					<Add option="-g" />
				</Compiler>
			</Target>
			<Target title="Release">
				<Option output="bin/Release/automat" prefix_auto="1" extension_auto="1" />
				<Option object_output="obj/Release/" />
				<Option type="1" />
				<Option compiler="gcc" />
				<Compiler>
					<Add option="-O2" />
				</Compiler>
				<Linker>
					<Add option="-s" />
				</Linker>
			</Target>
		</Build>
		<Compiler>
			<Add option="-Wall" />
			<Add option="-fexceptions" />
		</Compiler>
		<Unit filename="automata_obj.cpp" />
		<Unit filename="automata_obj.h" />
		<Unit filename="funciones_conversion.cpp" />
		<Unit filename="funciones_conversion.h" />
		<Unit filename="funciones_extra.cpp" />
		<Unit filename="funciones_extra.h" />
		<Unit filename="funciones_simplificacion.cpp" />
		<Unit filename="funciones_simplificacion.h" />
		<Unit filename="ingreso_automatas.cpp" />
		<Unit filename="ingreso_automatas.h" />
		<Unit filename="main.cpp" />
		<Unit filename="tabla_comparativa_obj.cpp" />
		<Unit filename="tabla_comparativa_obj.h" />
		<Extensions>
			<code_completion />
			<envvars />
			<debugger />
			<lib_finder disable_auto="1" />
		</Extensions>
	</Project>
</CodeBlocks_project_file>
